
Microsoft Visual Studio Solution File, Format Version 12.00
# Visual Studio Version 16
VisualStudioVersion = 16.0.30406.217
MinimumVisualStudioVersion = 10.0.40219.1
Project("{FAE04EC0-301F-11D3-BF4B-00C04F79EFBC}") = "TugasTiga1", "TugasTiga1\TugasTiga1.csproj", "{F49FA406-5BB0-45EC-BB68-7F10C2D5DB46}"
EndProject
Global
	GlobalSection(SolutionConfigurationPlatforms) = preSolution
		Debug|Any CPU = Debug|Any CPU
		Release|Any CPU = Release|Any CPU
	EndGlobalSection
	GlobalSection(ProjectConfigurationPlatforms) = postSolution
		{F49FA406-5BB0-45EC-BB68-7F10C2D5DB46}.Debug|Any CPU.ActiveCfg = Debug|Any CPU
		{F49FA406-5BB0-45EC-BB68-7F10C2D5DB46}.Debug|Any CPU.Build.0 = Debug|Any CPU
		{F49FA406-5BB0-45EC-BB68-7F10C2D5DB46}.Release|Any CPU.ActiveCfg = Release|Any CPU
		{F49FA406-5BB0-45EC-BB68-7F10C2D5DB46}.Release|Any CPU.Build.0 = Release|Any CPU
	EndGlobalSection
	GlobalSection(SolutionProperties) = preSolution
		HideSolutionNode = FALSE
	EndGlobalSection
	GlobalSection(ExtensibilityGlobals) = postSolution
		SolutionGuid = {06C17B18-9115-4837-A2E2-CD7A58255B41}
	EndGlobalSection
EndGlobal
